# THIS IS AN AUTOGENERATED FILE. DO NOT EDIT THIS FILE DIRECTLY.
# yarn lockfile v1


rdf-canonize@^3.0.0:
  version "3.0.0"
  resolved "https://registry.yarnpkg.com/rdf-canonize/-/rdf-canonize-3.0.0.tgz#f5bade563e5e58f5cc5881afcba3c43839e8c747"
  integrity sha512-LXRkhab1QaPJnhUIt1gtXXKswQCZ9zpflsSZFczG7mCLAkMvVjdqCGk9VXCUss0aOUeEyV2jtFxGcdX8DSkj9w==
  dependencies:
    setimmediate "^1.0.5"

setimmediate@^1.0.5:
  version "1.0.5"
  resolved "https://registry.yarnpkg.com/setimmediate/-/setimmediate-1.0.5.tgz#290cbb232e306942d7d7ea9b83732ab7856f8285"
  integrity sha1-KQy7Iy4waULX1+qbg3Mqt4VvgoU=
